
Microsoft Visual Studio Solution File, Format Version 12.00
# Visual Studio Version 17
VisualStudioVersion = 17.6.33723.286
MinimumVisualStudioVersion = 10.0.40219.1
Project("{FAE04EC0-301F-11D3-BF4B-00C04F79EFBC}") = "POC_Redis", "POC_Redis\POC_Redis.csproj", "{1CCBBC17-CBF4-4B75-954E-7A18214F0649}"
EndProject
Global
	GlobalSection(SolutionConfigurationPlatforms) = preSolution
		Debug|Any CPU = Debug|Any CPU
		Release|Any CPU = Release|Any CPU
	EndGlobalSection
	GlobalSection(ProjectConfigurationPlatforms) = postSolution
		{1CCBBC17-CBF4-4B75-954E-7A18214F0649}.Debug|Any CPU.ActiveCfg = Debug|Any CPU
		{1CCBBC17-CBF4-4B75-954E-7A18214F0649}.Debug|Any CPU.Build.0 = Debug|Any CPU
		{1CCBBC17-CBF4-4B75-954E-7A18214F0649}.Release|Any CPU.ActiveCfg = Release|Any CPU
		{1CCBBC17-CBF4-4B75-954E-7A18214F0649}.Release|Any CPU.Build.0 = Release|Any CPU
	EndGlobalSection
	GlobalSection(SolutionProperties) = preSolution
		HideSolutionNode = FALSE
	EndGlobalSection
	GlobalSection(ExtensibilityGlobals) = postSolution
		SolutionGuid = {632F70D7-2692-4C1D-A757-8E55E599ED94}
	EndGlobalSection
EndGlobal
